
Microsoft Visual Studio Solution File, Format Version 12.00
# Visual Studio Version 17
VisualStudioVersion = 17.0.31903.59
MinimumVisualStudioVersion = 10.0.40219.1
Project("{2150E333-8FDC-42A3-9474-1A3956D46DE8}") = "src", "src", "{827E0CD3-B72D-47B6-A68D-7590B98EB39B}"
EndProject
Project("{FAE04EC0-301F-11D3-BF4B-00C04F79EFBC}") = "CarMechanicWorkshop.Domain", "src\CarMechanicWorkshop.Domain\CarMechanicWorkshop.Domain.csproj", "{95B97498-0EA7-419F-B549-016FD10219EE}"
EndProject
Project("{FAE04EC0-301F-11D3-BF4B-00C04F79EFBC}") = "CarMechanicWorkshop.Application", "src\CarMechanicWorkshop.Application\CarMechanicWorkshop.Application.csproj", "{323D3242-910F-4B4F-B9CD-221FC5B35E53}"
EndProject
Project("{FAE04EC0-301F-11D3-BF4B-00C04F79EFBC}") = "CarMechanicWorkshop.Infrastructure", "src\CarMechanicWorkshop.Infrastructure\CarMechanicWorkshop.Infrastructure.csproj", "{4A101695-B5BD-41D9-9FE2-6EDA093AEB3F}"
EndProject
Project("{FAE04EC0-301F-11D3-BF4B-00C04F79EFBC}") = "CarMechanicWorkshop.Api", "src\CarMechanicWorkshop.Api\CarMechanicWorkshop.Api.csproj", "{B0EAC206-A71A-4015-B5AC-ABF0B1737D0B}"
EndProject
Project("{FAE04EC0-301F-11D3-BF4B-00C04F79EFBC}") = "CarMechanicWorkshop.Client", "src\CarMechanicWorkshop.Client\CarMechanicWorkshop.Client.csproj", "{8AEFE010-FA88-4F9D-A3F0-4991EE4459A3}"
EndProject
Project("{FAE04EC0-301F-11D3-BF4B-00C04F79EFBC}") = "CarMechanicWorkshop.Shared", "src\CarMechanicWorkshop.Shared\CarMechanicWorkshop.Shared.csproj", "{F611B414-C17E-4005-934B-9EE64D8BFAEE}"
EndProject
Global
	GlobalSection(SolutionConfigurationPlatforms) = preSolution
		Debug|Any CPU = Debug|Any CPU
		Debug|x64 = Debug|x64
		Debug|x86 = Debug|x86
		Release|Any CPU = Release|Any CPU
		Release|x64 = Release|x64
		Release|x86 = Release|x86
	EndGlobalSection
	GlobalSection(ProjectConfigurationPlatforms) = postSolution
		{95B97498-0EA7-419F-B549-016FD10219EE}.Debug|Any CPU.ActiveCfg = Debug|Any CPU
		{95B97498-0EA7-419F-B549-016FD10219EE}.Debug|Any CPU.Build.0 = Debug|Any CPU
		{95B97498-0EA7-419F-B549-016FD10219EE}.Debug|x64.ActiveCfg = Debug|Any CPU
		{95B97498-0EA7-419F-B549-016FD10219EE}.Debug|x64.Build.0 = Debug|Any CPU
		{95B97498-0EA7-419F-B549-016FD10219EE}.Debug|x86.ActiveCfg = Debug|Any CPU
		{95B97498-0EA7-419F-B549-016FD10219EE}.Debug|x86.Build.0 = Debug|Any CPU
		{95B97498-0EA7-419F-B549-016FD10219EE}.Release|Any CPU.ActiveCfg = Release|Any CPU
		{95B97498-0EA7-419F-B549-016FD10219EE}.Release|Any CPU.Build.0 = Release|Any CPU
		{95B97498-0EA7-419F-B549-016FD10219EE}.Release|x64.ActiveCfg = Release|Any CPU
		{95B97498-0EA7-419F-B549-016FD10219EE}.Release|x64.Build.0 = Release|Any CPU
		{95B97498-0EA7-419F-B549-016FD10219EE}.Release|x86.ActiveCfg = Release|Any CPU
		{95B97498-0EA7-419F-B549-016FD10219EE}.Release|x86.Build.0 = Release|Any CPU
		{323D3242-910F-4B4F-B9CD-221FC5B35E53}.Debug|Any CPU.ActiveCfg = Debug|Any CPU
		{323D3242-910F-4B4F-B9CD-221FC5B35E53}.Debug|Any CPU.Build.0 = Debug|Any CPU
		{323D3242-910F-4B4F-B9CD-221FC5B35E53}.Debug|x64.ActiveCfg = Debug|Any CPU
		{323D3242-910F-4B4F-B9CD-221FC5B35E53}.Debug|x64.Build.0 = Debug|Any CPU
		{323D3242-910F-4B4F-B9CD-221FC5B35E53}.Debug|x86.ActiveCfg = Debug|Any CPU
		{323D3242-910F-4B4F-B9CD-221FC5B35E53}.Debug|x86.Build.0 = Debug|Any CPU
		{323D3242-910F-4B4F-B9CD-221FC5B35E53}.Release|Any CPU.ActiveCfg = Release|Any CPU
		{323D3242-910F-4B4F-B9CD-221FC5B35E53}.Release|Any CPU.Build.0 = Release|Any CPU
		{323D3242-910F-4B4F-B9CD-221FC5B35E53}.Release|x64.ActiveCfg = Release|Any CPU
		{323D3242-910F-4B4F-B9CD-221FC5B35E53}.Release|x64.Build.0 = Release|Any CPU
		{323D3242-910F-4B4F-B9CD-221FC5B35E53}.Release|x86.ActiveCfg = Release|Any CPU
		{323D3242-910F-4B4F-B9CD-221FC5B35E53}.Release|x86.Build.0 = Release|Any CPU
		{4A101695-B5BD-41D9-9FE2-6EDA093AEB3F}.Debug|Any CPU.ActiveCfg = Debug|Any CPU
		{4A101695-B5BD-41D9-9FE2-6EDA093AEB3F}.Debug|Any CPU.Build.0 = Debug|Any CPU
		{4A101695-B5BD-41D9-9FE2-6EDA093AEB3F}.Debug|x64.ActiveCfg = Debug|Any CPU
		{4A101695-B5BD-41D9-9FE2-6EDA093AEB3F}.Debug|x64.Build.0 = Debug|Any CPU
		{4A101695-B5BD-41D9-9FE2-6EDA093AEB3F}.Debug|x86.ActiveCfg = Debug|Any CPU
		{4A101695-B5BD-41D9-9FE2-6EDA093AEB3F}.Debug|x86.Build.0 = Debug|Any CPU
		{4A101695-B5BD-41D9-9FE2-6EDA093AEB3F}.Release|Any CPU.ActiveCfg = Release|Any CPU
		{4A101695-B5BD-41D9-9FE2-6EDA093AEB3F}.Release|Any CPU.Build.0 = Release|Any CPU
		{4A101695-B5BD-41D9-9FE2-6EDA093AEB3F}.Release|x64.ActiveCfg = Release|Any CPU
		{4A101695-B5BD-41D9-9FE2-6EDA093AEB3F}.Release|x64.Build.0 = Release|Any CPU
		{4A101695-B5BD-41D9-9FE2-6EDA093AEB3F}.Release|x86.ActiveCfg = Release|Any CPU
		{4A101695-B5BD-41D9-9FE2-6EDA093AEB3F}.Release|x86.Build.0 = Release|Any CPU
		{B0EAC206-A71A-4015-B5AC-ABF0B1737D0B}.Debug|Any CPU.ActiveCfg = Debug|Any CPU
		{B0EAC206-A71A-4015-B5AC-ABF0B1737D0B}.Debug|Any CPU.Build.0 = Debug|Any CPU
		{B0EAC206-A71A-4015-B5AC-ABF0B1737D0B}.Debug|x64.ActiveCfg = Debug|Any CPU
		{B0EAC206-A71A-4015-B5AC-ABF0B1737D0B}.Debug|x64.Build.0 = Debug|Any CPU
		{B0EAC206-A71A-4015-B5AC-ABF0B1737D0B}.Debug|x86.ActiveCfg = Debug|Any CPU
		{B0EAC206-A71A-4015-B5AC-ABF0B1737D0B}.Debug|x86.Build.0 = Debug|Any CPU
		{B0EAC206-A71A-4015-B5AC-ABF0B1737D0B}.Release|Any CPU.ActiveCfg = Release|Any CPU
		{B0EAC206-A71A-4015-B5AC-ABF0B1737D0B}.Release|Any CPU.Build.0 = Release|Any CPU
		{B0EAC206-A71A-4015-B5AC-ABF0B1737D0B}.Release|x64.ActiveCfg = Release|Any CPU
		{B0EAC206-A71A-4015-B5AC-ABF0B1737D0B}.Release|x64.Build.0 = Release|Any CPU
		{B0EAC206-A71A-4015-B5AC-ABF0B1737D0B}.Release|x86.ActiveCfg = Release|Any CPU
		{B0EAC206-A71A-4015-B5AC-ABF0B1737D0B}.Release|x86.Build.0 = Release|Any CPU
		{8AEFE010-FA88-4F9D-A3F0-4991EE4459A3}.Debug|Any CPU.ActiveCfg = Debug|Any CPU
		{8AEFE010-FA88-4F9D-A3F0-4991EE4459A3}.Debug|Any CPU.Build.0 = Debug|Any CPU
		{8AEFE010-FA88-4F9D-A3F0-4991EE4459A3}.Debug|x64.ActiveCfg = Debug|Any CPU
		{8AEFE010-FA88-4F9D-A3F0-4991EE4459A3}.Debug|x64.Build.0 = Debug|Any CPU
		{8AEFE010-FA88-4F9D-A3F0-4991EE4459A3}.Debug|x86.ActiveCfg = Debug|Any CPU
		{8AEFE010-FA88-4F9D-A3F0-4991EE4459A3}.Debug|x86.Build.0 = Debug|Any CPU
		{8AEFE010-FA88-4F9D-A3F0-4991EE4459A3}.Release|Any CPU.ActiveCfg = Release|Any CPU
		{8AEFE010-FA88-4F9D-A3F0-4991EE4459A3}.Release|Any CPU.Build.0 = Release|Any CPU
		{8AEFE010-FA88-4F9D-A3F0-4991EE4459A3}.Release|x64.ActiveCfg = Release|Any CPU
		{8AEFE010-FA88-4F9D-A3F0-4991EE4459A3}.Release|x64.Build.0 = Release|Any CPU
		{8AEFE010-FA88-4F9D-A3F0-4991EE4459A3}.Release|x86.ActiveCfg = Release|Any CPU
		{8AEFE010-FA88-4F9D-A3F0-4991EE4459A3}.Release|x86.Build.0 = Release|Any CPU
		{F611B414-C17E-4005-934B-9EE64D8BFAEE}.Debug|Any CPU.ActiveCfg = Debug|Any CPU
		{F611B414-C17E-4005-934B-9EE64D8BFAEE}.Debug|Any CPU.Build.0 = Debug|Any CPU
		{F611B414-C17E-4005-934B-9EE64D8BFAEE}.Debug|x64.ActiveCfg = Debug|Any CPU
		{F611B414-C17E-4005-934B-9EE64D8BFAEE}.Debug|x64.Build.0 = Debug|Any CPU
		{F611B414-C17E-4005-934B-9EE64D8BFAEE}.Debug|x86.ActiveCfg = Debug|Any CPU
		{F611B414-C17E-4005-934B-9EE64D8BFAEE}.Debug|x86.Build.0 = Debug|Any CPU
		{F611B414-C17E-4005-934B-9EE64D8BFAEE}.Release|Any CPU.ActiveCfg = Release|Any CPU
		{F611B414-C17E-4005-934B-9EE64D8BFAEE}.Release|Any CPU.Build.0 = Release|Any CPU
		{F611B414-C17E-4005-934B-9EE64D8BFAEE}.Release|x64.ActiveCfg = Release|Any CPU
		{F611B414-C17E-4005-934B-9EE64D8BFAEE}.Release|x64.Build.0 = Release|Any CPU
		{F611B414-C17E-4005-934B-9EE64D8BFAEE}.Release|x86.ActiveCfg = Release|Any CPU
		{F611B414-C17E-4005-934B-9EE64D8BFAEE}.Release|x86.Build.0 = Release|Any CPU
	EndGlobalSection
	GlobalSection(SolutionProperties) = preSolution
		HideSolutionNode = FALSE
	EndGlobalSection
	GlobalSection(NestedProjects) = preSolution
		{95B97498-0EA7-419F-B549-016FD10219EE} = {827E0CD3-B72D-47B6-A68D-7590B98EB39B}
		{323D3242-910F-4B4F-B9CD-221FC5B35E53} = {827E0CD3-B72D-47B6-A68D-7590B98EB39B}
		{4A101695-B5BD-41D9-9FE2-6EDA093AEB3F} = {827E0CD3-B72D-47B6-A68D-7590B98EB39B}
		{B0EAC206-A71A-4015-B5AC-ABF0B1737D0B} = {827E0CD3-B72D-47B6-A68D-7590B98EB39B}
		{8AEFE010-FA88-4F9D-A3F0-4991EE4459A3} = {827E0CD3-B72D-47B6-A68D-7590B98EB39B}
		{F611B414-C17E-4005-934B-9EE64D8BFAEE} = {827E0CD3-B72D-47B6-A68D-7590B98EB39B}
	EndGlobalSection
EndGlobal
